{
  "name": "CineFront",
  "lockfileVersion": 3,
  "requires": true,
  "packages": {
    "": {
      "dependencies": {
        "boostrap": "^2.0.0",
        "rect": "^1.2.1"
      }
    },
    "node_modules/boostrap": {
      "version": "2.0.0",
      "resolved": "https://registry.npmjs.org/boostrap/-/boostrap-2.0.0.tgz",
      "integrity": "sha512-JEeFMOweKeGXEM9rt95eaVISOkluG9aKcl0jQCETOVH9jynCZxuBZe2oWgcWJpj5wqYWZl625SnW7OgHT2Ineg==",
      "deprecated": "Package no longer supported. Contact support@npmjs.com for more info."
    },
    "node_modules/rect": {
      "version": "1.2.1",
      "resolved": "https://registry.npmjs.org/rect/-/rect-1.2.1.tgz",
      "integrity": "sha512-bj9OPKC/DF5HNi65caukfM912J2uPiouZWIlo2FxC7qP5tkbrcRcC8d80NFeBpc1n5uHfh/DG8EushBy19xrRQ=="
    }
  }
}
